<Solution>
  <Project Path="DocumentService/DocumentService.csproj" />
  <Project Path="LicenseManagement.Api/LicenseManagement.Api.csproj" />
  <Project Path="LicenseManagement.Gateway/LicenseManagement.Gateway.csproj" />
  <Project Path="LicenseManagement.Shared/LicenseManagement.Shared.csproj" />
  <Project Path="LicenseService/LicenseService.csproj" />
  <Project Path="NotificationService/NotificationService.csproj" />
</Solution>
